{
  "name": "react.js",
  "version": "0.1.0",
  "lockfileVersion": 1,
  "requires": true,
  "dependencies": {
    "@stencil/core": {
      "version": "2.12.0",
      "resolved": "https://registry.npmjs.org/@stencil/core/-/core-2.12.0.tgz",
      "integrity": "sha512-hQlQKh5CUJe8g3L5avLLsfgVu95HMS2LToTtS7gpvvP0eKes1VvAC56uhI+vH4u44GZl9ck/g1rJBVRmMWu0LA=="
    },
    "web-components-stencil": {
      "version": "file:../web-components-stencil-0.0.1.tgz",
      "integrity": "sha512-/AJxbiE7950G/WN9zDy2LB0pmaPQT0mzRRCej5N7Er+pnxlprml8HMPDf5SHdKkOIBlI8dYQ7DBetF7tAxcRpA==",
      "requires": {
        "@stencil/core": "^2.11.0"
      }
    }
  }
}
